{
  "name": "text-contents-vue-components",
  "version": "1.0.7",
  "lockfileVersion": 1,
  "requires": true,
  "dependencies": {
    "just-clone": {
      "version": "3.2.1",
      "resolved": "https://registry.npmjs.org/just-clone/-/just-clone-3.2.1.tgz",
      "integrity": "sha512-PFotEVrrzAnwuWTUOFquDShWrHnUnhxNrVs1VFqkNfnoH3Sn5XUlDOePYn2Vv5cN8xV2y69jf8qEoQHm7eoLnw=="
    }
  }
}
